
Microsoft Visual Studio Solution File, Format Version 12.00
# Visual Studio 2012
Project("{2150E333-8FDC-42A3-9474-1A3956D46DE8}") = "Dll", "Dll", "{4CFB553D-08AF-4CFC-B654-10F69EBF1B5A}"
	ProjectSection(SolutionItems) = preProject
		DLL\clsDB_C.dll = DLL\clsDB_C.dll
		DLL\clsErrDef.dll = DLL\clsErrDef.dll
		DLL\clsLog.dll = DLL\clsLog.dll
		DLL\System.Data.SQLite.dll = DLL\System.Data.SQLite.dll
		DLL\System.Data.SQLite.EF6.dll = DLL\System.Data.SQLite.EF6.dll
		DLL\System.Data.SQLite.Linq.dll = DLL\System.Data.SQLite.Linq.dll
	EndProjectSection
EndProject
Project("{2150E333-8FDC-42A3-9474-1A3956D46DE8}") = "x86", "x86", "{9B71CC1B-1894-49AF-BB6B-7499CB7F4FC2}"
	ProjectSection(SolutionItems) = preProject
		DLL\x86\SQLite.Interop.dll = DLL\x86\SQLite.Interop.dll
	EndProjectSection
EndProject
Project("{2150E333-8FDC-42A3-9474-1A3956D46DE8}") = "x64", "x64", "{FA6E26F1-A242-44C2-932E-D8FE4FCB62E1}"
	ProjectSection(SolutionItems) = preProject
		DLL\x64\SQLite.Interop.dll = DLL\x64\SQLite.Interop.dll
	EndProjectSection
EndProject
Project("{2150E333-8FDC-42A3-9474-1A3956D46DE8}") = "WinBcrRead", "WinBcrRead", "{3E1DBB8E-B2A4-462A-9C65-15013EFFAA8F}"
EndProject
Project("{FAE04EC0-301F-11D3-BF4B-00C04F79EFBC}") = "WinBCRRead_A01", "WinBCRRead\WinBCRRead_A01\WinBCRRead_A01.csproj", "{AF863012-FC5C-4ADD-BC8D-869522CF0007}"
EndProject
Project("{2150E333-8FDC-42A3-9474-1A3956D46DE8}") = "WinPLCCommu", "WinPLCCommu", "{081F1E3F-1B16-4458-8BB5-65C3CFAB845E}"
EndProject
Project("{FAE04EC0-301F-11D3-BF4B-00C04F79EFBC}") = "clsDef", "WinPLCCommu\clsDef\clsDef.csproj", "{6C03414D-F6E0-4C9D-8C71-E0B35A788E38}"
EndProject
Project("{FAE04EC0-301F-11D3-BF4B-00C04F79EFBC}") = "clsIniSys", "WinPLCCommu\clsIniSys\clsIniSys.csproj", "{3D90DE02-DE2F-417E-851F-4A5A1E69E337}"
EndProject
Project("{FAE04EC0-301F-11D3-BF4B-00C04F79EFBC}") = "uclBuffer", "WinPLCCommu\uclBuffer\uclBuffer.csproj", "{949AD65C-3EE1-495D-8790-1C49FC0E6484}"
EndProject
Project("{FAE04EC0-301F-11D3-BF4B-00C04F79EFBC}") = "WinPLCCommu", "WinPLCCommu\WinPLCCommu\WinPLCCommu.csproj", "{53FA8D59-2E21-483E-9588-9C85FAECBBB1}"
EndProject
Project("{FAE04EC0-301F-11D3-BF4B-00C04F79EFBC}") = "WinBCRRead_A02", "WinBCRRead\WinBCRRead_A02\WinBCRRead_A02.csproj", "{05AF9D92-6568-4DA7-A35E-A6E9D94BDDE5}"
EndProject
Project("{FAE04EC0-301F-11D3-BF4B-00C04F79EFBC}") = "WinBCRRead_A03", "WinBCRRead\WinBCRRead_A03\WinBCRRead_A03.csproj", "{841463C0-AB9E-48E6-906A-05EF5CBD47A1}"
EndProject
Project("{FAE04EC0-301F-11D3-BF4B-00C04F79EFBC}") = "WinBCRRead_D04", "WinBCRRead\WinBCRRead_D04\WinBCRRead_D04.csproj", "{593CB6EF-37F7-4C37-A478-8AC4F0FCDF64}"
EndProject
Project("{FAE04EC0-301F-11D3-BF4B-00C04F79EFBC}") = "WinBCRRead", "WinBCRRead\WinBCRRead\WinBCRRead.csproj", "{86549D4C-F155-4156-A272-06D0EBF24073}"
EndProject
Project("{FAE04EC0-301F-11D3-BF4B-00C04F79EFBC}") = "uclWeight", "WinPLCCommu\uclWeight\uclWeight.csproj", "{2174AC57-4AA1-4104-9969-8C213059DBCA}"
EndProject
Global
	GlobalSection(SolutionConfigurationPlatforms) = preSolution
		Debug|Any CPU = Debug|Any CPU
		Release|Any CPU = Release|Any CPU
	EndGlobalSection
	GlobalSection(ProjectConfigurationPlatforms) = postSolution
		{AF863012-FC5C-4ADD-BC8D-869522CF0007}.Debug|Any CPU.ActiveCfg = Debug|Any CPU
		{AF863012-FC5C-4ADD-BC8D-869522CF0007}.Debug|Any CPU.Build.0 = Debug|Any CPU
		{AF863012-FC5C-4ADD-BC8D-869522CF0007}.Release|Any CPU.ActiveCfg = Release|Any CPU
		{AF863012-FC5C-4ADD-BC8D-869522CF0007}.Release|Any CPU.Build.0 = Release|Any CPU
		{6C03414D-F6E0-4C9D-8C71-E0B35A788E38}.Debug|Any CPU.ActiveCfg = Debug|Any CPU
		{6C03414D-F6E0-4C9D-8C71-E0B35A788E38}.Debug|Any CPU.Build.0 = Debug|Any CPU
		{6C03414D-F6E0-4C9D-8C71-E0B35A788E38}.Release|Any CPU.ActiveCfg = Release|Any CPU
		{6C03414D-F6E0-4C9D-8C71-E0B35A788E38}.Release|Any CPU.Build.0 = Release|Any CPU
		{3D90DE02-DE2F-417E-851F-4A5A1E69E337}.Debug|Any CPU.ActiveCfg = Debug|Any CPU
		{3D90DE02-DE2F-417E-851F-4A5A1E69E337}.Debug|Any CPU.Build.0 = Debug|Any CPU
		{3D90DE02-DE2F-417E-851F-4A5A1E69E337}.Release|Any CPU.ActiveCfg = Release|Any CPU
		{3D90DE02-DE2F-417E-851F-4A5A1E69E337}.Release|Any CPU.Build.0 = Release|Any CPU
		{949AD65C-3EE1-495D-8790-1C49FC0E6484}.Debug|Any CPU.ActiveCfg = Debug|Any CPU
		{949AD65C-3EE1-495D-8790-1C49FC0E6484}.Debug|Any CPU.Build.0 = Debug|Any CPU
		{949AD65C-3EE1-495D-8790-1C49FC0E6484}.Release|Any CPU.ActiveCfg = Release|Any CPU
		{949AD65C-3EE1-495D-8790-1C49FC0E6484}.Release|Any CPU.Build.0 = Release|Any CPU
		{53FA8D59-2E21-483E-9588-9C85FAECBBB1}.Debug|Any CPU.ActiveCfg = Debug|Any CPU
		{53FA8D59-2E21-483E-9588-9C85FAECBBB1}.Debug|Any CPU.Build.0 = Debug|Any CPU
		{53FA8D59-2E21-483E-9588-9C85FAECBBB1}.Release|Any CPU.ActiveCfg = Release|Any CPU
		{53FA8D59-2E21-483E-9588-9C85FAECBBB1}.Release|Any CPU.Build.0 = Release|Any CPU
		{05AF9D92-6568-4DA7-A35E-A6E9D94BDDE5}.Debug|Any CPU.ActiveCfg = Debug|Any CPU
		{05AF9D92-6568-4DA7-A35E-A6E9D94BDDE5}.Debug|Any CPU.Build.0 = Debug|Any CPU
		{05AF9D92-6568-4DA7-A35E-A6E9D94BDDE5}.Release|Any CPU.ActiveCfg = Release|Any CPU
		{05AF9D92-6568-4DA7-A35E-A6E9D94BDDE5}.Release|Any CPU.Build.0 = Release|Any CPU
		{841463C0-AB9E-48E6-906A-05EF5CBD47A1}.Debug|Any CPU.ActiveCfg = Debug|Any CPU
		{841463C0-AB9E-48E6-906A-05EF5CBD47A1}.Debug|Any CPU.Build.0 = Debug|Any CPU
		{841463C0-AB9E-48E6-906A-05EF5CBD47A1}.Release|Any CPU.ActiveCfg = Release|Any CPU
		{841463C0-AB9E-48E6-906A-05EF5CBD47A1}.Release|Any CPU.Build.0 = Release|Any CPU
		{593CB6EF-37F7-4C37-A478-8AC4F0FCDF64}.Debug|Any CPU.ActiveCfg = Debug|Any CPU
		{593CB6EF-37F7-4C37-A478-8AC4F0FCDF64}.Debug|Any CPU.Build.0 = Debug|Any CPU
		{593CB6EF-37F7-4C37-A478-8AC4F0FCDF64}.Release|Any CPU.ActiveCfg = Release|Any CPU
		{593CB6EF-37F7-4C37-A478-8AC4F0FCDF64}.Release|Any CPU.Build.0 = Release|Any CPU
		{86549D4C-F155-4156-A272-06D0EBF24073}.Debug|Any CPU.ActiveCfg = Debug|Any CPU
		{86549D4C-F155-4156-A272-06D0EBF24073}.Debug|Any CPU.Build.0 = Debug|Any CPU
		{86549D4C-F155-4156-A272-06D0EBF24073}.Release|Any CPU.ActiveCfg = Release|Any CPU
		{86549D4C-F155-4156-A272-06D0EBF24073}.Release|Any CPU.Build.0 = Release|Any CPU
		{2174AC57-4AA1-4104-9969-8C213059DBCA}.Debug|Any CPU.ActiveCfg = Debug|Any CPU
		{2174AC57-4AA1-4104-9969-8C213059DBCA}.Debug|Any CPU.Build.0 = Debug|Any CPU
		{2174AC57-4AA1-4104-9969-8C213059DBCA}.Release|Any CPU.ActiveCfg = Release|Any CPU
		{2174AC57-4AA1-4104-9969-8C213059DBCA}.Release|Any CPU.Build.0 = Release|Any CPU
	EndGlobalSection
	GlobalSection(SolutionProperties) = preSolution
		HideSolutionNode = FALSE
	EndGlobalSection
	GlobalSection(NestedProjects) = preSolution
		{9B71CC1B-1894-49AF-BB6B-7499CB7F4FC2} = {4CFB553D-08AF-4CFC-B654-10F69EBF1B5A}
		{FA6E26F1-A242-44C2-932E-D8FE4FCB62E1} = {4CFB553D-08AF-4CFC-B654-10F69EBF1B5A}
		{AF863012-FC5C-4ADD-BC8D-869522CF0007} = {3E1DBB8E-B2A4-462A-9C65-15013EFFAA8F}
		{05AF9D92-6568-4DA7-A35E-A6E9D94BDDE5} = {3E1DBB8E-B2A4-462A-9C65-15013EFFAA8F}
		{841463C0-AB9E-48E6-906A-05EF5CBD47A1} = {3E1DBB8E-B2A4-462A-9C65-15013EFFAA8F}
		{593CB6EF-37F7-4C37-A478-8AC4F0FCDF64} = {3E1DBB8E-B2A4-462A-9C65-15013EFFAA8F}
		{86549D4C-F155-4156-A272-06D0EBF24073} = {3E1DBB8E-B2A4-462A-9C65-15013EFFAA8F}
		{6C03414D-F6E0-4C9D-8C71-E0B35A788E38} = {081F1E3F-1B16-4458-8BB5-65C3CFAB845E}
		{3D90DE02-DE2F-417E-851F-4A5A1E69E337} = {081F1E3F-1B16-4458-8BB5-65C3CFAB845E}
		{949AD65C-3EE1-495D-8790-1C49FC0E6484} = {081F1E3F-1B16-4458-8BB5-65C3CFAB845E}
		{53FA8D59-2E21-483E-9588-9C85FAECBBB1} = {081F1E3F-1B16-4458-8BB5-65C3CFAB845E}
		{2174AC57-4AA1-4104-9969-8C213059DBCA} = {081F1E3F-1B16-4458-8BB5-65C3CFAB845E}
	EndGlobalSection
EndGlobal
